
Microsoft Visual Studio Solution File, Format Version 12.00
# Visual Studio 15
VisualStudioVersion = 15.0.27428.2037
MinimumVisualStudioVersion = 10.0.40219.1
Project("{FAE04EC0-301F-11D3-BF4B-00C04F79EFBC}") = "Pagination", "Pagination\Pagination.csproj", "{6870153D-E310-4B8B-B309-E106DC0071D9}"
EndProject
Project("{FAE04EC0-301F-11D3-BF4B-00C04F79EFBC}") = "Pagination.Tests", "Pagination.Tests\Pagination.Tests.csproj", "{09A579A6-6B46-418C-9BB2-B29343AA2633}"
EndProject
Project("{2150E333-8FDC-42A3-9474-1A3956D46DE8}") = "Repository", "Repository", "{EA0A5A25-B341-466C-B388-190CDA7C56BB}"
EndProject
Global
	GlobalSection(SolutionConfigurationPlatforms) = preSolution
		Debug|Any CPU = Debug|Any CPU
		Release|Any CPU = Release|Any CPU
	EndGlobalSection
	GlobalSection(ProjectConfigurationPlatforms) = postSolution
		{6870153D-E310-4B8B-B309-E106DC0071D9}.Debug|Any CPU.ActiveCfg = Debug|Any CPU
		{6870153D-E310-4B8B-B309-E106DC0071D9}.Debug|Any CPU.Build.0 = Debug|Any CPU
		{6870153D-E310-4B8B-B309-E106DC0071D9}.Release|Any CPU.ActiveCfg = Release|Any CPU
		{6870153D-E310-4B8B-B309-E106DC0071D9}.Release|Any CPU.Build.0 = Release|Any CPU
		{09A579A6-6B46-418C-9BB2-B29343AA2633}.Debug|Any CPU.ActiveCfg = Debug|Any CPU
		{09A579A6-6B46-418C-9BB2-B29343AA2633}.Debug|Any CPU.Build.0 = Debug|Any CPU
		{09A579A6-6B46-418C-9BB2-B29343AA2633}.Release|Any CPU.ActiveCfg = Release|Any CPU
		{09A579A6-6B46-418C-9BB2-B29343AA2633}.Release|Any CPU.Build.0 = Release|Any CPU
	EndGlobalSection
	GlobalSection(SolutionProperties) = preSolution
		HideSolutionNode = FALSE
	EndGlobalSection
	GlobalSection(ExtensibilityGlobals) = postSolution
		SolutionGuid = {C2463CE0-1ED5-4647-8279-4DA031673956}
	EndGlobalSection
EndGlobal
